
Microsoft Visual Studio Solution File, Format Version 12.00
# Visual Studio Version 16
VisualStudioVersion = 16.0.34407.143
MinimumVisualStudioVersion = 10.0.40219.1
Project("{FAE04EC0-301F-11D3-BF4B-00C04F79EFBC}") = "TestTaskWPF", "TestTaskWPF\TestTaskWPF.csproj", "{EDAA565E-0B54-4418-B731-5BBD50304CA0}"
EndProject
Global
	GlobalSection(SolutionConfigurationPlatforms) = preSolution
		Debug|Any CPU = Debug|Any CPU
		Release|Any CPU = Release|Any CPU
	EndGlobalSection
	GlobalSection(ProjectConfigurationPlatforms) = postSolution
		{EDAA565E-0B54-4418-B731-5BBD50304CA0}.Debug|Any CPU.ActiveCfg = Debug|Any CPU
		{EDAA565E-0B54-4418-B731-5BBD50304CA0}.Debug|Any CPU.Build.0 = Debug|Any CPU
		{EDAA565E-0B54-4418-B731-5BBD50304CA0}.Release|Any CPU.ActiveCfg = Release|Any CPU
		{EDAA565E-0B54-4418-B731-5BBD50304CA0}.Release|Any CPU.Build.0 = Release|Any CPU
	EndGlobalSection
	GlobalSection(SolutionProperties) = preSolution
		HideSolutionNode = FALSE
	EndGlobalSection
	GlobalSection(ExtensibilityGlobals) = postSolution
		SolutionGuid = {E44B2B20-315B-40C4-BDCC-F5396FD11D23}
	EndGlobalSection
EndGlobal
